
Microsoft Visual Studio Solution File, Format Version 12.00
# Visual Studio Version 16
VisualStudioVersion = 16.0.30621.155
MinimumVisualStudioVersion = 10.0.40219.1
Project("{FAE04EC0-301F-11D3-BF4B-00C04F79EFBC}") = "University.App.Android", "University.App\University.App.Android\University.App.Android.csproj", "{CB7E8443-759C-44EA-A4FA-CF559A910CFF}"
EndProject
Project("{FAE04EC0-301F-11D3-BF4B-00C04F79EFBC}") = "University.App.iOS", "University.App\University.App.iOS\University.App.iOS.csproj", "{8D25762F-2A0F-4CA4-855D-BBD16DDC606B}"
EndProject
Project("{9A19103F-16F7-4668-BE54-9A1E7A4F7556}") = "University.App", "University.App\University.App\University.App.csproj", "{AF545507-0281-4BF3-A99E-0BEB326BB85F}"
EndProject
Project("{FAE04EC0-301F-11D3-BF4B-00C04F79EFBC}") = "University.BL", "University.bl\University.BL.csproj", "{49F1452C-3D35-43C1-9C42-FBEE440C44BF}"
EndProject
Project("{FAE04EC0-301F-11D3-BF4B-00C04F79EFBC}") = "University.Auth", "University.Auth\University.Auth.csproj", "{EFBBAF25-66F1-4717-93B9-030036ED11F0}"
EndProject
Global
	GlobalSection(SolutionConfigurationPlatforms) = preSolution
		Debug|Any CPU = Debug|Any CPU
		Debug|iPhone = Debug|iPhone
		Debug|iPhoneSimulator = Debug|iPhoneSimulator
		Release|Any CPU = Release|Any CPU
		Release|iPhone = Release|iPhone
		Release|iPhoneSimulator = Release|iPhoneSimulator
	EndGlobalSection
	GlobalSection(ProjectConfigurationPlatforms) = postSolution
		{CB7E8443-759C-44EA-A4FA-CF559A910CFF}.Debug|Any CPU.ActiveCfg = Debug|Any CPU
		{CB7E8443-759C-44EA-A4FA-CF559A910CFF}.Debug|Any CPU.Build.0 = Debug|Any CPU
		{CB7E8443-759C-44EA-A4FA-CF559A910CFF}.Debug|Any CPU.Deploy.0 = Debug|Any CPU
		{CB7E8443-759C-44EA-A4FA-CF559A910CFF}.Debug|iPhone.ActiveCfg = Debug|Any CPU
		{CB7E8443-759C-44EA-A4FA-CF559A910CFF}.Debug|iPhone.Build.0 = Debug|Any CPU
		{CB7E8443-759C-44EA-A4FA-CF559A910CFF}.Debug|iPhone.Deploy.0 = Debug|Any CPU
		{CB7E8443-759C-44EA-A4FA-CF559A910CFF}.Debug|iPhoneSimulator.ActiveCfg = Debug|Any CPU
		{CB7E8443-759C-44EA-A4FA-CF559A910CFF}.Debug|iPhoneSimulator.Build.0 = Debug|Any CPU
		{CB7E8443-759C-44EA-A4FA-CF559A910CFF}.Debug|iPhoneSimulator.Deploy.0 = Debug|Any CPU
		{CB7E8443-759C-44EA-A4FA-CF559A910CFF}.Release|Any CPU.ActiveCfg = Release|Any CPU
		{CB7E8443-759C-44EA-A4FA-CF559A910CFF}.Release|Any CPU.Build.0 = Release|Any CPU
		{CB7E8443-759C-44EA-A4FA-CF559A910CFF}.Release|Any CPU.Deploy.0 = Release|Any CPU
		{CB7E8443-759C-44EA-A4FA-CF559A910CFF}.Release|iPhone.ActiveCfg = Release|Any CPU
		{CB7E8443-759C-44EA-A4FA-CF559A910CFF}.Release|iPhone.Build.0 = Release|Any CPU
		{CB7E8443-759C-44EA-A4FA-CF559A910CFF}.Release|iPhone.Deploy.0 = Release|Any CPU
		{CB7E8443-759C-44EA-A4FA-CF559A910CFF}.Release|iPhoneSimulator.ActiveCfg = Release|Any CPU
		{CB7E8443-759C-44EA-A4FA-CF559A910CFF}.Release|iPhoneSimulator.Build.0 = Release|Any CPU
		{CB7E8443-759C-44EA-A4FA-CF559A910CFF}.Release|iPhoneSimulator.Deploy.0 = Release|Any CPU
		{8D25762F-2A0F-4CA4-855D-BBD16DDC606B}.Debug|Any CPU.ActiveCfg = Debug|iPhone
		{8D25762F-2A0F-4CA4-855D-BBD16DDC606B}.Debug|Any CPU.Build.0 = Debug|iPhone
		{8D25762F-2A0F-4CA4-855D-BBD16DDC606B}.Debug|Any CPU.Deploy.0 = Debug|iPhone
		{8D25762F-2A0F-4CA4-855D-BBD16DDC606B}.Debug|iPhone.ActiveCfg = Debug|iPhone
		{8D25762F-2A0F-4CA4-855D-BBD16DDC606B}.Debug|iPhone.Build.0 = Debug|iPhone
		{8D25762F-2A0F-4CA4-855D-BBD16DDC606B}.Debug|iPhone.Deploy.0 = Debug|iPhone
		{8D25762F-2A0F-4CA4-855D-BBD16DDC606B}.Debug|iPhoneSimulator.ActiveCfg = Debug|iPhoneSimulator
		{8D25762F-2A0F-4CA4-855D-BBD16DDC606B}.Debug|iPhoneSimulator.Build.0 = Debug|iPhoneSimulator
		{8D25762F-2A0F-4CA4-855D-BBD16DDC606B}.Debug|iPhoneSimulator.Deploy.0 = Debug|iPhoneSimulator
		{8D25762F-2A0F-4CA4-855D-BBD16DDC606B}.Release|Any CPU.ActiveCfg = Release|iPhoneSimulator
		{8D25762F-2A0F-4CA4-855D-BBD16DDC606B}.Release|Any CPU.Build.0 = Release|iPhoneSimulator
		{8D25762F-2A0F-4CA4-855D-BBD16DDC606B}.Release|Any CPU.Deploy.0 = Release|iPhoneSimulator
		{8D25762F-2A0F-4CA4-855D-BBD16DDC606B}.Release|iPhone.ActiveCfg = Release|iPhone
		{8D25762F-2A0F-4CA4-855D-BBD16DDC606B}.Release|iPhone.Build.0 = Release|iPhone
		{8D25762F-2A0F-4CA4-855D-BBD16DDC606B}.Release|iPhone.Deploy.0 = Release|iPhone
		{8D25762F-2A0F-4CA4-855D-BBD16DDC606B}.Release|iPhoneSimulator.ActiveCfg = Release|iPhoneSimulator
		{8D25762F-2A0F-4CA4-855D-BBD16DDC606B}.Release|iPhoneSimulator.Build.0 = Release|iPhoneSimulator
		{8D25762F-2A0F-4CA4-855D-BBD16DDC606B}.Release|iPhoneSimulator.Deploy.0 = Release|iPhoneSimulator
		{AF545507-0281-4BF3-A99E-0BEB326BB85F}.Debug|Any CPU.ActiveCfg = Debug|Any CPU
		{AF545507-0281-4BF3-A99E-0BEB326BB85F}.Debug|Any CPU.Build.0 = Debug|Any CPU
		{AF545507-0281-4BF3-A99E-0BEB326BB85F}.Debug|Any CPU.Deploy.0 = Debug|Any CPU
		{AF545507-0281-4BF3-A99E-0BEB326BB85F}.Debug|iPhone.ActiveCfg = Debug|Any CPU
		{AF545507-0281-4BF3-A99E-0BEB326BB85F}.Debug|iPhone.Build.0 = Debug|Any CPU
		{AF545507-0281-4BF3-A99E-0BEB326BB85F}.Debug|iPhone.Deploy.0 = Debug|Any CPU
		{AF545507-0281-4BF3-A99E-0BEB326BB85F}.Debug|iPhoneSimulator.ActiveCfg = Debug|Any CPU
		{AF545507-0281-4BF3-A99E-0BEB326BB85F}.Debug|iPhoneSimulator.Build.0 = Debug|Any CPU
		{AF545507-0281-4BF3-A99E-0BEB326BB85F}.Debug|iPhoneSimulator.Deploy.0 = Debug|Any CPU
		{AF545507-0281-4BF3-A99E-0BEB326BB85F}.Release|Any CPU.ActiveCfg = Release|Any CPU
		{AF545507-0281-4BF3-A99E-0BEB326BB85F}.Release|Any CPU.Build.0 = Release|Any CPU
		{AF545507-0281-4BF3-A99E-0BEB326BB85F}.Release|Any CPU.Deploy.0 = Release|Any CPU
		{AF545507-0281-4BF3-A99E-0BEB326BB85F}.Release|iPhone.ActiveCfg = Release|Any CPU
		{AF545507-0281-4BF3-A99E-0BEB326BB85F}.Release|iPhone.Build.0 = Release|Any CPU
		{AF545507-0281-4BF3-A99E-0BEB326BB85F}.Release|iPhone.Deploy.0 = Release|Any CPU
		{AF545507-0281-4BF3-A99E-0BEB326BB85F}.Release|iPhoneSimulator.ActiveCfg = Release|Any CPU
		{AF545507-0281-4BF3-A99E-0BEB326BB85F}.Release|iPhoneSimulator.Build.0 = Release|Any CPU
		{AF545507-0281-4BF3-A99E-0BEB326BB85F}.Release|iPhoneSimulator.Deploy.0 = Release|Any CPU
		{49F1452C-3D35-43C1-9C42-FBEE440C44BF}.Debug|Any CPU.ActiveCfg = Debug|Any CPU
		{49F1452C-3D35-43C1-9C42-FBEE440C44BF}.Debug|Any CPU.Build.0 = Debug|Any CPU
		{49F1452C-3D35-43C1-9C42-FBEE440C44BF}.Debug|iPhone.ActiveCfg = Debug|Any CPU
		{49F1452C-3D35-43C1-9C42-FBEE440C44BF}.Debug|iPhone.Build.0 = Debug|Any CPU
		{49F1452C-3D35-43C1-9C42-FBEE440C44BF}.Debug|iPhoneSimulator.ActiveCfg = Debug|Any CPU
		{49F1452C-3D35-43C1-9C42-FBEE440C44BF}.Debug|iPhoneSimulator.Build.0 = Debug|Any CPU
		{49F1452C-3D35-43C1-9C42-FBEE440C44BF}.Release|Any CPU.ActiveCfg = Release|Any CPU
		{49F1452C-3D35-43C1-9C42-FBEE440C44BF}.Release|Any CPU.Build.0 = Release|Any CPU
		{49F1452C-3D35-43C1-9C42-FBEE440C44BF}.Release|iPhone.ActiveCfg = Release|Any CPU
		{49F1452C-3D35-43C1-9C42-FBEE440C44BF}.Release|iPhone.Build.0 = Release|Any CPU
		{49F1452C-3D35-43C1-9C42-FBEE440C44BF}.Release|iPhoneSimulator.ActiveCfg = Release|Any CPU
		{49F1452C-3D35-43C1-9C42-FBEE440C44BF}.Release|iPhoneSimulator.Build.0 = Release|Any CPU
		{EFBBAF25-66F1-4717-93B9-030036ED11F0}.Debug|Any CPU.ActiveCfg = Debug|Any CPU
		{EFBBAF25-66F1-4717-93B9-030036ED11F0}.Debug|Any CPU.Build.0 = Debug|Any CPU
		{EFBBAF25-66F1-4717-93B9-030036ED11F0}.Debug|iPhone.ActiveCfg = Debug|Any CPU
		{EFBBAF25-66F1-4717-93B9-030036ED11F0}.Debug|iPhone.Build.0 = Debug|Any CPU
		{EFBBAF25-66F1-4717-93B9-030036ED11F0}.Debug|iPhoneSimulator.ActiveCfg = Debug|Any CPU
		{EFBBAF25-66F1-4717-93B9-030036ED11F0}.Debug|iPhoneSimulator.Build.0 = Debug|Any CPU
		{EFBBAF25-66F1-4717-93B9-030036ED11F0}.Release|Any CPU.ActiveCfg = Release|Any CPU
		{EFBBAF25-66F1-4717-93B9-030036ED11F0}.Release|Any CPU.Build.0 = Release|Any CPU
		{EFBBAF25-66F1-4717-93B9-030036ED11F0}.Release|iPhone.ActiveCfg = Release|Any CPU
		{EFBBAF25-66F1-4717-93B9-030036ED11F0}.Release|iPhone.Build.0 = Release|Any CPU
		{EFBBAF25-66F1-4717-93B9-030036ED11F0}.Release|iPhoneSimulator.ActiveCfg = Release|Any CPU
		{EFBBAF25-66F1-4717-93B9-030036ED11F0}.Release|iPhoneSimulator.Build.0 = Release|Any CPU
	EndGlobalSection
	GlobalSection(SolutionProperties) = preSolution
		HideSolutionNode = FALSE
	EndGlobalSection
	GlobalSection(ExtensibilityGlobals) = postSolution
		SolutionGuid = {6967DA25-07E5-4E76-BF4A-3296A64B6A90}
	EndGlobalSection
EndGlobal
